// !$*UTF8*$!
{
	archiveVersion = 1;
	classes = {
	};
	objectVersion = 56;
	objects = {

/* Begin PBXBuildFile section */
		026532A52B94C2A900E9B585 /* AppDelegate.swift in Sources */ = {isa = PBXBuildFile; fileRef = 026532A42B94C2A900E9B585 /* AppDelegate.swift */; };
		026532A72B94C2A900E9B585 /* SceneDelegate.swift in Sources */ = {isa = PBXBuildFile; fileRef = 026532A62B94C2A900E9B585 /* SceneDelegate.swift */; };
		026532AC2B94C2A900E9B585 /* Main.storyboard in Resources */ = {isa = PBXBuildFile; fileRef = 026532AA2B94C2A900E9B585 /* Main.storyboard */; };
		026532AE2B94C2AA00E9B585 /* Assets.xcassets in Resources */ = {isa = PBXBuildFile; fileRef = 026532AD2B94C2AA00E9B585 /* Assets.xcassets */; };
		026532B12B94C2AA00E9B585 /* LaunchScreen.storyboard in Resources */ = {isa = PBXBuildFile; fileRef = 026532AF2B94C2AA00E9B585 /* LaunchScreen.storyboard */; };
		026532B92B94C2C500E9B585 /* BrightnessManager.swift in Sources */ = {isa = PBXBuildFile; fileRef = 026532B82B94C2C500E9B585 /* BrightnessManager.swift */; };
		026532BF2B94C2DA00E9B585 /* DemoViewController.swift in Sources */ = {isa = PBXBuildFile; fileRef = 026532BB2B94C2DA00E9B585 /* DemoViewController.swift */; };
		026532C02B94C2DA00E9B585 /* HomeViewController.swift in Sources */ = {isa = PBXBuildFile; fileRef = 026532BC2B94C2DA00E9B585 /* HomeViewController.swift */; };
		026532C12B94C2DA00E9B585 /* PopUpBarcodeViewController.swift in Sources */ = {isa = PBXBuildFile; fileRef = 026532BD2B94C2DA00E9B585 /* PopUpBarcodeViewController.swift */; };
		026532C22B94C2DA00E9B585 /* ShowBarcodeViewController.swift in Sources */ = {isa = PBXBuildFile; fileRef = 026532BE2B94C2DA00E9B585 /* ShowBarcodeViewController.swift */; };
/* End PBXBuildFile section */

/* Begin PBXFileReference section */
		026532A12B94C2A900E9B585 /* BrightnessManager.app */ = {isa = PBXFileReference; explicitFileType = wrapper.application; includeInIndex = 0; path = BrightnessManager.app; sourceTree = BUILT_PRODUCTS_DIR; };
		026532A42B94C2A900E9B585 /* AppDelegate.swift */ = {isa = PBXFileReference; lastKnownFileType = sourcecode.swift; path = AppDelegate.swift; sourceTree = "<group>"; };
		026532A62B94C2A900E9B585 /* SceneDelegate.swift */ = {isa = PBXFileReference; lastKnownFileType = sourcecode.swift; path = SceneDelegate.swift; sourceTree = "<group>"; };
		026532AB2B94C2A900E9B585 /* Base */ = {isa = PBXFileReference; lastKnownFileType = file.storyboard; name = Base; path = Base.lproj/Main.storyboard; sourceTree = "<group>"; };
		026532AD2B94C2AA00E9B585 /* Assets.xcassets */ = {isa = PBXFileReference; lastKnownFileType = folder.assetcatalog; path = Assets.xcassets; sourceTree = "<group>"; };
		026532B02B94C2AA00E9B585 /* Base */ = {isa = PBXFileReference; lastKnownFileType = file.storyboard; name = Base; path = Base.lproj/LaunchScreen.storyboard; sourceTree = "<group>"; };
		026532B22B94C2AA00E9B585 /* Info.plist */ = {isa = PBXFileReference; lastKnownFileType = text.plist.xml; path = Info.plist; sourceTree = "<group>"; };
		026532B82B94C2C500E9B585 /* BrightnessManager.swift */ = {isa = PBXFileReference; fileEncoding = 4; lastKnownFileType = sourcecode.swift; path = BrightnessManager.swift; sourceTree = "<group>"; };
		026532BB2B94C2DA00E9B585 /* DemoViewController.swift */ = {isa = PBXFileReference; fileEncoding = 4; lastKnownFileType = sourcecode.swift; path = DemoViewController.swift; sourceTree = "<group>"; };
		026532BC2B94C2DA00E9B585 /* HomeViewController.swift */ = {isa = PBXFileReference; fileEncoding = 4; lastKnownFileType = sourcecode.swift; path = HomeViewController.swift; sourceTree = "<group>"; };
		026532BD2B94C2DA00E9B585 /* PopUpBarcodeViewController.swift */ = {isa = PBXFileReference; fileEncoding = 4; lastKnownFileType = sourcecode.swift; path = PopUpBarcodeViewController.swift; sourceTree = "<group>"; };
		026532BE2B94C2DA00E9B585 /* ShowBarcodeViewController.swift */ = {isa = PBXFileReference; fileEncoding = 4; lastKnownFileType = sourcecode.swift; path = ShowBarcodeViewController.swift; sourceTree = "<group>"; };
/* End PBXFileReference section */

/* Begin PBXFrameworksBuildPhase section */
		0265329E2B94C2A900E9B585 /* Frameworks */ = {
			isa = PBXFrameworksBuildPhase;
			buildActionMask = 2147483647;
			files = (
			);
			runOnlyForDeploymentPostprocessing = 0;
		};
/* End PBXFrameworksBuildPhase section */

/* Begin PBXGroup section */
		026532982B94C2A900E9B585 = {
			isa = PBXGroup;
			children = (
				026532A32B94C2A900E9B585 /* BrightnessManager */,
				026532A22B94C2A900E9B585 /* Products */,
			);
			sourceTree = "<group>";
		};
		026532A22B94C2A900E9B585 /* Products */ = {
			isa = PBXGroup;
			children = (
				026532A12B94C2A900E9B585 /* BrightnessManager.app */,
			);
			name = Products;
			sourceTree = "<group>";
		};
		026532A32B94C2A900E9B585 /* BrightnessManager */ = {
			isa = PBXGroup;
			children = (
				026532A42B94C2A900E9B585 /* AppDelegate.swift */,
				026532A62B94C2A900E9B585 /* SceneDelegate.swift */,
				026532B82B94C2C500E9B585 /* BrightnessManager.swift */,
				026532BA2B94C2DA00E9B585 /* View */,
				026532AA2B94C2A900E9B585 /* Main.storyboard */,
				026532AD2B94C2AA00E9B585 /* Assets.xcassets */,
				026532AF2B94C2AA00E9B585 /* LaunchScreen.storyboard */,
				026532B22B94C2AA00E9B585 /* Info.plist */,
			);
			path = BrightnessManager;
			sourceTree = "<group>";
		};
		026532BA2B94C2DA00E9B585 /* View */ = {
			isa = PBXGroup;
			children = (
				026532BB2B94C2DA00E9B585 /* DemoViewController.swift */,
				026532BC2B94C2DA00E9B585 /* HomeViewController.swift */,
				026532BD2B94C2DA00E9B585 /* PopUpBarcodeViewController.swift */,
				026532BE2B94C2DA00E9B585 /* ShowBarcodeViewController.swift */,
			);
			path = View;
			sourceTree = "<group>";
		};
/* End PBXGroup section */

/* Begin PBXNativeTarget section */
		026532A02B94C2A900E9B585 /* BrightnessManager */ = {
			isa = PBXNativeTarget;
			buildConfigurationList = 026532B52B94C2AA00E9B585 /* Build configuration list for PBXNativeTarget "BrightnessManager" */;
			buildPhases = (
				0265329D2B94C2A900E9B585 /* Sources */,
				0265329E2B94C2A900E9B585 /* Frameworks */,
				0265329F2B94C2A900E9B585 /* Resources */,
			);
			buildRules = (
			);
			dependencies = (
			);
			name = BrightnessManager;
			productName = BrightnessManager;
			productReference = 026532A12B94C2A900E9B585 /* BrightnessManager.app */;
			productType = "com.apple.product-type.application";
		};
/* End PBXNativeTarget section */

/* Begin PBXProject section */
		026532992B94C2A900E9B585 /* Project object */ = {
			isa = PBXProject;
			attributes = {
				BuildIndependentTargetsInParallel = 1;
				LastSwiftUpdateCheck = 1500;
				LastUpgradeCheck = 1500;
				TargetAttributes = {
					026532A02B94C2A900E9B585 = {
						CreatedOnToolsVersion = 15.0.1;
					};
				};
			};
			buildConfigurationList = 0265329C2B94C2A900E9B585 /* Build configuration list for PBXProject "BrightnessManager" */;
			compatibilityVersion = "Xcode 14.0";
			developmentRegion = en;
			hasScannedForEncodings = 0;
			knownRegions = (
				en,
				Base,
			);
			mainGroup = 026532982B94C2A900E9B585;
			productRefGroup = 026532A22B94C2A900E9B585 /* Products */;
			projectDirPath = "";
			projectRoot = "";
			targets = (
				026532A02B94C2A900E9B585 /* BrightnessManager */,
			);
		};
/* End PBXProject section */

/* Begin PBXResourcesBuildPhase section */
		0265329F2B94C2A900E9B585 /* Resources */ = {
			isa = PBXResourcesBuildPhase;
			buildActionMask = 2147483647;
			files = (
				026532B12B94C2AA00E9B585 /* LaunchScreen.storyboard in Resources */,
				026532AE2B94C2AA00E9B585 /* Assets.xcassets in Resources */,
				026532AC2B94C2A900E9B585 /* Main.storyboard in Resources */,
			);
			runOnlyForDeploymentPostprocessing = 0;
		};
/* End PBXResourcesBuildPhase section */

/* Begin PBXSourcesBuildPhase section */
		0265329D2B94C2A900E9B585 /* Sources */ = {
			isa = PBXSourcesBuildPhase;
			buildActionMask = 2147483647;
			files = (
				026532BF2B94C2DA00E9B585 /* DemoViewController.swift in Sources */,
				026532C22B94C2DA00E9B585 /* ShowBarcodeViewController.swift in Sources */,
				026532A52B94C2A900E9B585 /* AppDelegate.swift in Sources */,
				026532B92B94C2C500E9B585 /* BrightnessManager.swift in Sources */,
				026532C12B94C2DA00E9B585 /* PopUpBarcodeViewController.swift in Sources */,
				026532A72B94C2A900E9B585 /* SceneDelegate.swift in Sources */,
				026532C02B94C2DA00E9B585 /* HomeViewController.swift in Sources */,
			);
			runOnlyForDeploymentPostprocessing = 0;
		};
/* End PBXSourcesBuildPhase section */

/* Begin PBXVariantGroup section */
		026532AA2B94C2A900E9B585 /* Main.storyboard */ = {
			isa = PBXVariantGroup;
			children = (
				026532AB2B94C2A900E9B585 /* Base */,
			);
			name = Main.storyboard;
			sourceTree = "<group>";
		};
		026532AF2B94C2AA00E9B585 /* LaunchScreen.storyboard */ = {
			isa = PBXVariantGroup;
			children = (
				026532B02B94C2AA00E9B585 /* Base */,
			);
			name = LaunchScreen.storyboard;
			sourceTree = "<group>";
		};
/* End PBXVariantGroup section */

/* Begin XCBuildConfiguration section */
		026532B32B94C2AA00E9B585 /* Debug */ = {
			isa = XCBuildConfiguration;
			buildSettings = {
				ALWAYS_SEARCH_USER_PATHS = NO;
				ASSETCATALOG_COMPILER_GENERATE_SWIFT_ASSET_SYMBOL_EXTENSIONS = YES;
				CLANG_ANALYZER_NONNULL = YES;
				CLANG_ANALYZER_NUMBER_OBJECT_CONVERSION = YES_AGGRESSIVE;
				CLANG_CXX_LANGUAGE_STANDARD = "gnu++20";
				CLANG_ENABLE_MODULES = YES;
				CLANG_ENABLE_OBJC_ARC = YES;
				CLANG_ENABLE_OBJC_WEAK = YES;
				CLANG_WARN_BLOCK_CAPTURE_AUTORELEASING = YES;
				CLANG_WARN_BOOL_CONVERSION = YES;
				CLANG_WARN_COMMA = YES;
				CLANG_WARN_CONSTANT_CONVERSION = YES;
				CLANG_WARN_DEPRECATED_OBJC_IMPLEMENTATIONS = YES;
				CLANG_WARN_DIRECT_OBJC_ISA_USAGE = YES_ERROR;
				CLANG_WARN_DOCUMENTATION_COMMENTS = YES;
				CLANG_WARN_EMPTY_BODY = YES;
				CLANG_WARN_ENUM_CONVERSION = YES;
				CLANG_WARN_INFINITE_RECURSION = YES;
				CLANG_WARN_INT_CONVERSION = YES;
				CLANG_WARN_NON_LITERAL_NULL_CONVERSION = YES;
				CLANG_WARN_OBJC_IMPLICIT_RETAIN_SELF = YES;
				CLANG_WARN_OBJC_LITERAL_CONVERSION = YES;
				CLANG_WARN_OBJC_ROOT_CLASS = YES_ERROR;
				CLANG_WARN_QUOTED_INCLUDE_IN_FRAMEWORK_HEADER = YES;
				CLANG_WARN_RANGE_LOOP_ANALYSIS = YES;
				CLANG_WARN_STRICT_PROTOTYPES = YES;
				CLANG_WARN_SUSPICIOUS_MOVE = YES;
				CLANG_WARN_UNGUARDED_AVAILABILITY = YES_AGGRESSIVE;
				CLANG_WARN_UNREACHABLE_CODE = YES;
				CLANG_WARN__DUPLICATE_METHOD_MATCH = YES;
				COPY_PHASE_STRIP = NO;
				DEBUG_INFORMATION_FORMAT = dwarf;
				ENABLE_STRICT_OBJC_MSGSEND = YES;
				ENABLE_TESTABILITY = YES;
				ENABLE_USER_SCRIPT_SANDBOXING = YES;
				GCC_C_LANGUAGE_STANDARD = gnu17;
				GCC_DYNAMIC_NO_PIC = NO;
				GCC_NO_COMMON_BLOCKS = YES;
				GCC_OPTIMIZATION_LEVEL = 0;
				GCC_PREPROCESSOR_DEFINITIONS = (
					"DEBUG=1",
					"$(inherited)",
				);
				GCC_WARN_64_TO_32_BIT_CONVERSION = YES;
				GCC_WARN_ABOUT_RETURN_TYPE = YES_ERROR;
				GCC_WARN_UNDECLARED_SELECTOR = YES;
				GCC_WARN_UNINITIALIZED_AUTOS = YES_AGGRESSIVE;
				GCC_WARN_UNUSED_FUNCTION = YES;
				GCC_WARN_UNUSED_VARIABLE = YES;
				IPHONEOS_DEPLOYMENT_TARGET = 17.0;
				LOCALIZATION_PREFERS_STRING_CATALOGS = YES;
				MTL_ENABLE_DEBUG_INFO = INCLUDE_SOURCE;
				MTL_FAST_MATH = YES;
				ONLY_ACTIVE_ARCH = YES;
				SDKROOT = iphoneos;
				SWIFT_ACTIVE_COMPILATION_CONDITIONS = "DEBUG $(inherited)";
				SWIFT_OPTIMIZATION_LEVEL = "-Onone";
			};
			name = Debug;
		};
		026532B42B94C2AA00E9B585 /* Release */ = {
			isa = XCBuildConfiguration;
			buildSettings = {
				ALWAYS_SEARCH_USER_PATHS = NO;
				ASSETCATALOG_COMPILER_GENERATE_SWIFT_ASSET_SYMBOL_EXTENSIONS = YES;
				CLANG_ANALYZER_NONNULL = YES;
				CLANG_ANALYZER_NUMBER_OBJECT_CONVERSION = YES_AGGRESSIVE;
				CLANG_CXX_LANGUAGE_STANDARD = "gnu++20";
				CLANG_ENABLE_MODULES = YES;
				CLANG_ENABLE_OBJC_ARC = YES;
				CLANG_ENABLE_OBJC_WEAK = YES;
				CLANG_WARN_BLOCK_CAPTURE_AUTORELEASING = YES;
				CLANG_WARN_BOOL_CONVERSION = YES;
				CLANG_WARN_COMMA = YES;
				CLANG_WARN_CONSTANT_CONVERSION = YES;
				CLANG_WARN_DEPRECATED_OBJC_IMPLEMENTATIONS = YES;
				CLANG_WARN_DIRECT_OBJC_ISA_USAGE = YES_ERROR;
				CLANG_WARN_DOCUMENTATION_COMMENTS = YES;
				CLANG_WARN_EMPTY_BODY = YES;
				CLANG_WARN_ENUM_CONVERSION = YES;
				CLANG_WARN_INFINITE_RECURSION = YES;
				CLANG_WARN_INT_CONVERSION = YES;
				CLANG_WARN_NON_LITERAL_NULL_CONVERSION = YES;
				CLANG_WARN_OBJC_IMPLICIT_RETAIN_SELF = YES;
				CLANG_WARN_OBJC_LITERAL_CONVERSION = YES;
				CLANG_WARN_OBJC_ROOT_CLASS = YES_ERROR;
				CLANG_WARN_QUOTED_INCLUDE_IN_FRAMEWORK_HEADER = YES;
				CLANG_WARN_RANGE_LOOP_ANALYSIS = YES;
				CLANG_WARN_STRICT_PROTOTYPES = YES;
				CLANG_WARN_SUSPICIOUS_MOVE = YES;
				CLANG_WARN_UNGUARDED_AVAILABILITY = YES_AGGRESSIVE;
				CLANG_WARN_UNREACHABLE_CODE = YES;
				CLANG_WARN__DUPLICATE_METHOD_MATCH = YES;
				COPY_PHASE_STRIP = NO;
				DEBUG_INFORMATION_FORMAT = "dwarf-with-dsym";
				ENABLE_NS_ASSERTIONS = NO;
				ENABLE_STRICT_OBJC_MSGSEND = YES;
				ENABLE_USER_SCRIPT_SANDBOXING = YES;
				GCC_C_LANGUAGE_STANDARD = gnu17;
				GCC_NO_COMMON_BLOCKS = YES;
				GCC_WARN_64_TO_32_BIT_CONVERSION = YES;
				GCC_WARN_ABOUT_RETURN_TYPE = YES_ERROR;
				GCC_WARN_UNDECLARED_SELECTOR = YES;
				GCC_WARN_UNINITIALIZED_AUTOS = YES_AGGRESSIVE;
				GCC_WARN_UNUSED_FUNCTION = YES;
				GCC_WARN_UNUSED_VARIABLE = YES;
				IPHONEOS_DEPLOYMENT_TARGET = 17.0;
				LOCALIZATION_PREFERS_STRING_CATALOGS = YES;
				MTL_ENABLE_DEBUG_INFO = NO;
				MTL_FAST_MATH = YES;
				SDKROOT = iphoneos;
				SWIFT_COMPILATION_MODE = wholemodule;
				VALIDATE_PRODUCT = YES;
			};
			name = Release;
		};
		026532B62B94C2AA00E9B585 /* Debug */ = {
			isa = XCBuildConfiguration;
			buildSettings = {
				ASSETCATALOG_COMPILER_APPICON_NAME = AppIcon;
				ASSETCATALOG_COMPILER_GLOBAL_ACCENT_COLOR_NAME = AccentColor;
				CODE_SIGN_STYLE = Automatic;
				CURRENT_PROJECT_VERSION = 1;
				DEVELOPMENT_TEAM = S4URMM3RJV;
				GENERATE_INFOPLIST_FILE = YES;
				INFOPLIST_FILE = BrightnessManager/Info.plist;
				INFOPLIST_KEY_UIApplicationSupportsIndirectInputEvents = YES;
				INFOPLIST_KEY_UILaunchStoryboardName = LaunchScreen;
				INFOPLIST_KEY_UIMainStoryboardFile = Main;
				INFOPLIST_KEY_UISupportedInterfaceOrientations_iPad = "UIInterfaceOrientationPortrait UIInterfaceOrientationPortraitUpsideDown UIInterfaceOrientationLandscapeLeft UIInterfaceOrientationLandscapeRight";
				INFOPLIST_KEY_UISupportedInterfaceOrientations_iPhone = "UIInterfaceOrientationPortrait UIInterfaceOrientationLandscapeLeft UIInterfaceOrientationLandscapeRight";
				LD_RUNPATH_SEARCH_PATHS = (
					"$(inherited)",
					"@executable_path/Frameworks",
				);
				MARKETING_VERSION = 1.0;
				PRODUCT_BUNDLE_IDENTIFIER = com.Logan.Lab.BrightnessManager;
				PRODUCT_NAME = "$(TARGET_NAME)";
				SWIFT_EMIT_LOC_STRINGS = YES;
				SWIFT_VERSION = 5.0;
				TARGETED_DEVICE_FAMILY = "1,2";
			};
			name = Debug;
		};
		026532B72B94C2AA00E9B585 /* Release */ = {
			isa = XCBuildConfiguration;
			buildSettings = {
				ASSETCATALOG_COMPILER_APPICON_NAME = AppIcon;
				ASSETCATALOG_COMPILER_GLOBAL_ACCENT_COLOR_NAME = AccentColor;
				CODE_SIGN_STYLE = Automatic;
				CURRENT_PROJECT_VERSION = 1;
				DEVELOPMENT_TEAM = S4URMM3RJV;
				GENERATE_INFOPLIST_FILE = YES;
				INFOPLIST_FILE = BrightnessManager/Info.plist;
				INFOPLIST_KEY_UIApplicationSupportsIndirectInputEvents = YES;
				INFOPLIST_KEY_UILaunchStoryboardName = LaunchScreen;
				INFOPLIST_KEY_UIMainStoryboardFile = Main;
				INFOPLIST_KEY_UISupportedInterfaceOrientations_iPad = "UIInterfaceOrientationPortrait UIInterfaceOrientationPortraitUpsideDown UIInterfaceOrientationLandscapeLeft UIInterfaceOrientationLandscapeRight";
				INFOPLIST_KEY_UISupportedInterfaceOrientations_iPhone = "UIInterfaceOrientationPortrait UIInterfaceOrientationLandscapeLeft UIInterfaceOrientationLandscapeRight";
				LD_RUNPATH_SEARCH_PATHS = (
					"$(inherited)",
					"@executable_path/Frameworks",
				);
				MARKETING_VERSION = 1.0;
				PRODUCT_BUNDLE_IDENTIFIER = com.Logan.Lab.BrightnessManager;
				PRODUCT_NAME = "$(TARGET_NAME)";
				SWIFT_EMIT_LOC_STRINGS = YES;
				SWIFT_VERSION = 5.0;
				TARGETED_DEVICE_FAMILY = "1,2";
			};
			name = Release;
		};
/* End XCBuildConfiguration section */

/* Begin XCConfigurationList section */
		0265329C2B94C2A900E9B585 /* Build configuration list for PBXProject "BrightnessManager" */ = {
			isa = XCConfigurationList;
			buildConfigurations = (
				026532B32B94C2AA00E9B585 /* Debug */,
				026532B42B94C2AA00E9B585 /* Release */,
			);
			defaultConfigurationIsVisible = 0;
			defaultConfigurationName = Release;
		};
		026532B52B94C2AA00E9B585 /* Build configuration list for PBXNativeTarget "BrightnessManager" */ = {
			isa = XCConfigurationList;
			buildConfigurations = (
				026532B62B94C2AA00E9B585 /* Debug */,
				026532B72B94C2AA00E9B585 /* Release */,
			);
			defaultConfigurationIsVisible = 0;
			defaultConfigurationName = Release;
		};
/* End XCConfigurationList section */
	};
	rootObject = 026532992B94C2A900E9B585 /* Project object */;
}
